// !$*UTF8*$!
{
	archiveVersion = 1;
	classes = {
	};
	objectVersion = 46;
	objects = {

/* Begin PBXBuildFile section */
		71448D271DBF560D00075A19 /* AppDelegate.swift in Sources */ = {isa = PBXBuildFile; fileRef = 71448D261DBF560D00075A19 /* AppDelegate.swift */; };
		71448D291DBF560D00075A19 /* ViewController.swift in Sources */ = {isa = PBXBuildFile; fileRef = 71448D281DBF560D00075A19 /* ViewController.swift */; };
		71448D2C1DBF560D00075A19 /* Main.storyboard in Resources */ = {isa = PBXBuildFile; fileRef = 71448D2A1DBF560D00075A19 /* Main.storyboard */; };
		71448D2E1DBF560D00075A19 /* Assets.xcassets in Resources */ = {isa = PBXBuildFile; fileRef = 71448D2D1DBF560D00075A19 /* Assets.xcassets */; };
		71448D311DBF560D00075A19 /* LaunchScreen.storyboard in Resources */ = {isa = PBXBuildFile; fileRef = 71448D2F1DBF560D00075A19 /* LaunchScreen.storyboard */; };
		71448D671DBF71D200075A19 /* CLCameraManager.swift in Sources */ = {isa = PBXBuildFile; fileRef = 71448D631DBF71D200075A19 /* CLCameraManager.swift */; };
		71448D681DBF71D200075A19 /* Extensions.swift in Sources */ = {isa = PBXBuildFile; fileRef = 71448D651DBF71D200075A19 /* Extensions.swift */; };
		71448D691DBF71D200075A19 /* Info.plist in Resources */ = {isa = PBXBuildFile; fileRef = 71448D661DBF71D200075A19 /* Info.plist */; };
		71448D6D1DBF740D00075A19 /* CLCameraPreviewView.swift in Sources */ = {isa = PBXBuildFile; fileRef = 71448D6C1DBF740D00075A19 /* CLCameraPreviewView.swift */; };
/* End PBXBuildFile section */

/* Begin PBXFileReference section */
		71448D231DBF560D00075A19 /* Demo.app */ = {isa = PBXFileReference; explicitFileType = wrapper.application; includeInIndex = 0; path = Demo.app; sourceTree = BUILT_PRODUCTS_DIR; };
		71448D261DBF560D00075A19 /* AppDelegate.swift */ = {isa = PBXFileReference; lastKnownFileType = sourcecode.swift; path = AppDelegate.swift; sourceTree = "<group>"; };
		71448D281DBF560D00075A19 /* ViewController.swift */ = {isa = PBXFileReference; lastKnownFileType = sourcecode.swift; path = ViewController.swift; sourceTree = "<group>"; };
		71448D2B1DBF560D00075A19 /* Base */ = {isa = PBXFileReference; lastKnownFileType = file.storyboard; name = Base; path = Base.lproj/Main.storyboard; sourceTree = "<group>"; };
		71448D2D1DBF560D00075A19 /* Assets.xcassets */ = {isa = PBXFileReference; lastKnownFileType = folder.assetcatalog; path = Assets.xcassets; sourceTree = "<group>"; };
		71448D301DBF560D00075A19 /* Base */ = {isa = PBXFileReference; lastKnownFileType = file.storyboard; name = Base; path = Base.lproj/LaunchScreen.storyboard; sourceTree = "<group>"; };
		71448D321DBF560D00075A19 /* Info.plist */ = {isa = PBXFileReference; lastKnownFileType = text.plist.xml; path = Info.plist; sourceTree = "<group>"; };
		71448D631DBF71D200075A19 /* CLCameraManager.swift */ = {isa = PBXFileReference; fileEncoding = 4; lastKnownFileType = sourcecode.swift; path = CLCameraManager.swift; sourceTree = "<group>"; };
		71448D641DBF71D200075A19 /* CLVideokit.h */ = {isa = PBXFileReference; fileEncoding = 4; lastKnownFileType = sourcecode.c.h; path = CLVideokit.h; sourceTree = "<group>"; };
		71448D651DBF71D200075A19 /* Extensions.swift */ = {isa = PBXFileReference; fileEncoding = 4; lastKnownFileType = sourcecode.swift; path = Extensions.swift; sourceTree = "<group>"; };
		71448D661DBF71D200075A19 /* Info.plist */ = {isa = PBXFileReference; fileEncoding = 4; lastKnownFileType = text.plist.xml; path = Info.plist; sourceTree = "<group>"; };
		71448D6C1DBF740D00075A19 /* CLCameraPreviewView.swift */ = {isa = PBXFileReference; fileEncoding = 4; lastKnownFileType = sourcecode.swift; path = CLCameraPreviewView.swift; sourceTree = "<group>"; };
/* End PBXFileReference section */

/* Begin PBXFrameworksBuildPhase section */
		71448D201DBF560D00075A19 /* Frameworks */ = {
			isa = PBXFrameworksBuildPhase;
			buildActionMask = 2147483647;
			files = (
			);
			runOnlyForDeploymentPostprocessing = 0;
		};
/* End PBXFrameworksBuildPhase section */

/* Begin PBXGroup section */
		71448D1A1DBF560D00075A19 = {
			isa = PBXGroup;
			children = (
				71448D251DBF560D00075A19 /* Demo */,
				71448D241DBF560D00075A19 /* Products */,
			);
			sourceTree = "<group>";
		};
		71448D241DBF560D00075A19 /* Products */ = {
			isa = PBXGroup;
			children = (
				71448D231DBF560D00075A19 /* Demo.app */,
			);
			name = Products;
			sourceTree = "<group>";
		};
		71448D251DBF560D00075A19 /* Demo */ = {
			isa = PBXGroup;
			children = (
				71448D621DBF71D200075A19 /* Source */,
				71448D261DBF560D00075A19 /* AppDelegate.swift */,
				71448D281DBF560D00075A19 /* ViewController.swift */,
				71448D2A1DBF560D00075A19 /* Main.storyboard */,
				71448D2D1DBF560D00075A19 /* Assets.xcassets */,
				71448D2F1DBF560D00075A19 /* LaunchScreen.storyboard */,
				71448D321DBF560D00075A19 /* Info.plist */,
			);
			path = Demo;
			sourceTree = "<group>";
		};
		71448D621DBF71D200075A19 /* Source */ = {
			isa = PBXGroup;
			children = (
				71448D631DBF71D200075A19 /* CLCameraManager.swift */,
				71448D6C1DBF740D00075A19 /* CLCameraPreviewView.swift */,
				71448D641DBF71D200075A19 /* CLVideokit.h */,
				71448D651DBF71D200075A19 /* Extensions.swift */,
				71448D661DBF71D200075A19 /* Info.plist */,
			);
			name = Source;
			path = ../../framework/Source;
			sourceTree = "<group>";
		};
/* End PBXGroup section */

/* Begin PBXNativeTarget section */
		71448D221DBF560D00075A19 /* Demo */ = {
			isa = PBXNativeTarget;
			buildConfigurationList = 71448D351DBF560D00075A19 /* Build configuration list for PBXNativeTarget "Demo" */;
			buildPhases = (
				71448D1F1DBF560D00075A19 /* Sources */,
				71448D201DBF560D00075A19 /* Frameworks */,
				71448D211DBF560D00075A19 /* Resources */,
			);
			buildRules = (
			);
			dependencies = (
			);
			name = Demo;
			productName = Demo;
			productReference = 71448D231DBF560D00075A19 /* Demo.app */;
			productType = "com.apple.product-type.application";
		};
/* End PBXNativeTarget section */

/* Begin PBXProject section */
		71448D1B1DBF560D00075A19 /* Project object */ = {
			isa = PBXProject;
			attributes = {
				LastSwiftUpdateCheck = 0800;
				LastUpgradeCheck = 0800;
				ORGANIZATIONNAME = lixiang;
				TargetAttributes = {
					71448D221DBF560D00075A19 = {
						CreatedOnToolsVersion = 8.0;
						DevelopmentTeam = LZ7KAN3586;
						ProvisioningStyle = Automatic;
					};
				};
			};
			buildConfigurationList = 71448D1E1DBF560D00075A19 /* Build configuration list for PBXProject "Demo" */;
			compatibilityVersion = "Xcode 3.2";
			developmentRegion = English;
			hasScannedForEncodings = 0;
			knownRegions = (
				en,
				Base,
			);
			mainGroup = 71448D1A1DBF560D00075A19;
			productRefGroup = 71448D241DBF560D00075A19 /* Products */;
			projectDirPath = "";
			projectRoot = "";
			targets = (
				71448D221DBF560D00075A19 /* Demo */,
			);
		};
/* End PBXProject section */

/* Begin PBXResourcesBuildPhase section */
		71448D211DBF560D00075A19 /* Resources */ = {
			isa = PBXResourcesBuildPhase;
			buildActionMask = 2147483647;
			files = (
				71448D691DBF71D200075A19 /* Info.plist in Resources */,
				71448D311DBF560D00075A19 /* LaunchScreen.storyboard in Resources */,
				71448D2E1DBF560D00075A19 /* Assets.xcassets in Resources */,
				71448D2C1DBF560D00075A19 /* Main.storyboard in Resources */,
			);
			runOnlyForDeploymentPostprocessing = 0;
		};
/* End PBXResourcesBuildPhase section */

/* Begin PBXSourcesBuildPhase section */
		71448D1F1DBF560D00075A19 /* Sources */ = {
			isa = PBXSourcesBuildPhase;
			buildActionMask = 2147483647;
			files = (
				71448D291DBF560D00075A19 /* ViewController.swift in Sources */,
				71448D6D1DBF740D00075A19 /* CLCameraPreviewView.swift in Sources */,
				71448D671DBF71D200075A19 /* CLCameraManager.swift in Sources */,
				71448D271DBF560D00075A19 /* AppDelegate.swift in Sources */,
				71448D681DBF71D200075A19 /* Extensions.swift in Sources */,
			);
			runOnlyForDeploymentPostprocessing = 0;
		};
/* End PBXSourcesBuildPhase section */

/* Begin PBXVariantGroup section */
		71448D2A1DBF560D00075A19 /* Main.storyboard */ = {
			isa = PBXVariantGroup;
			children = (
				71448D2B1DBF560D00075A19 /* Base */,
			);
			name = Main.storyboard;
			sourceTree = "<group>";
		};
		71448D2F1DBF560D00075A19 /* LaunchScreen.storyboard */ = {
			isa = PBXVariantGroup;
			children = (
				71448D301DBF560D00075A19 /* Base */,
			);
			name = LaunchScreen.storyboard;
			sourceTree = "<group>";
		};
/* End PBXVariantGroup section */

/* Begin XCBuildConfiguration section */
		71448D331DBF560D00075A19 /* Debug */ = {
			isa = XCBuildConfiguration;
			buildSettings = {
				ALWAYS_SEARCH_USER_PATHS = NO;
				CLANG_ANALYZER_NONNULL = YES;
				CLANG_CXX_LANGUAGE_STANDARD = "gnu++0x";
				CLANG_CXX_LIBRARY = "libc++";
				CLANG_ENABLE_MODULES = YES;
				CLANG_ENABLE_OBJC_ARC = YES;
				CLANG_WARN_BOOL_CONVERSION = YES;
				CLANG_WARN_CONSTANT_CONVERSION = YES;
				CLANG_WARN_DIRECT_OBJC_ISA_USAGE = YES_ERROR;
				CLANG_WARN_DOCUMENTATION_COMMENTS = YES;
				CLANG_WARN_EMPTY_BODY = YES;
				CLANG_WARN_ENUM_CONVERSION = YES;
				CLANG_WARN_INFINITE_RECURSION = YES;
				CLANG_WARN_INT_CONVERSION = YES;
				CLANG_WARN_OBJC_ROOT_CLASS = YES_ERROR;
				CLANG_WARN_SUSPICIOUS_MOVES = YES;
				CLANG_WARN_UNREACHABLE_CODE = YES;
				CLANG_WARN__DUPLICATE_METHOD_MATCH = YES;
				"CODE_SIGN_IDENTITY[sdk=iphoneos*]" = "iPhone Developer";
				COPY_PHASE_STRIP = NO;
				DEBUG_INFORMATION_FORMAT = dwarf;
				ENABLE_STRICT_OBJC_MSGSEND = YES;
				ENABLE_TESTABILITY = YES;
				GCC_C_LANGUAGE_STANDARD = gnu99;
				GCC_DYNAMIC_NO_PIC = NO;
				GCC_NO_COMMON_BLOCKS = YES;
				GCC_OPTIMIZATION_LEVEL = 0;
				GCC_PREPROCESSOR_DEFINITIONS = (
					"DEBUG=1",
					"$(inherited)",
				);
				GCC_WARN_64_TO_32_BIT_CONVERSION = YES;
				GCC_WARN_ABOUT_RETURN_TYPE = YES_ERROR;
				GCC_WARN_UNDECLARED_SELECTOR = YES;
				GCC_WARN_UNINITIALIZED_AUTOS = YES_AGGRESSIVE;
				GCC_WARN_UNUSED_FUNCTION = YES;
				GCC_WARN_UNUSED_VARIABLE = YES;
				IPHONEOS_DEPLOYMENT_TARGET = 10.0;
				MTL_ENABLE_DEBUG_INFO = YES;
				ONLY_ACTIVE_ARCH = YES;
				SDKROOT = iphoneos;
				SWIFT_ACTIVE_COMPILATION_CONDITIONS = DEBUG;
				SWIFT_OPTIMIZATION_LEVEL = "-Onone";
			};
			name = Debug;
		};
		71448D341DBF560D00075A19 /* Release */ = {
			isa = XCBuildConfiguration;
			buildSettings = {
				ALWAYS_SEARCH_USER_PATHS = NO;
				CLANG_ANALYZER_NONNULL = YES;
				CLANG_CXX_LANGUAGE_STANDARD = "gnu++0x";
				CLANG_CXX_LIBRARY = "libc++";
				CLANG_ENABLE_MODULES = YES;
				CLANG_ENABLE_OBJC_ARC = YES;
				CLANG_WARN_BOOL_CONVERSION = YES;
				CLANG_WARN_CONSTANT_CONVERSION = YES;
				CLANG_WARN_DIRECT_OBJC_ISA_USAGE = YES_ERROR;
				CLANG_WARN_DOCUMENTATION_COMMENTS = YES;
				CLANG_WARN_EMPTY_BODY = YES;
				CLANG_WARN_ENUM_CONVERSION = YES;
				CLANG_WARN_INFINITE_RECURSION = YES;
				CLANG_WARN_INT_CONVERSION = YES;
				CLANG_WARN_OBJC_ROOT_CLASS = YES_ERROR;
				CLANG_WARN_SUSPICIOUS_MOVES = YES;
				CLANG_WARN_UNREACHABLE_CODE = YES;
				CLANG_WARN__DUPLICATE_METHOD_MATCH = YES;
				"CODE_SIGN_IDENTITY[sdk=iphoneos*]" = "iPhone Developer";
				COPY_PHASE_STRIP = NO;
				DEBUG_INFORMATION_FORMAT = "dwarf-with-dsym";
				ENABLE_NS_ASSERTIONS = NO;
				ENABLE_STRICT_OBJC_MSGSEND = YES;
				GCC_C_LANGUAGE_STANDARD = gnu99;
				GCC_NO_COMMON_BLOCKS = YES;
				GCC_WARN_64_TO_32_BIT_CONVERSION = YES;
				GCC_WARN_ABOUT_RETURN_TYPE = YES_ERROR;
				GCC_WARN_UNDECLARED_SELECTOR = YES;
				GCC_WARN_UNINITIALIZED_AUTOS = YES_AGGRESSIVE;
				GCC_WARN_UNUSED_FUNCTION = YES;
				GCC_WARN_UNUSED_VARIABLE = YES;
				IPHONEOS_DEPLOYMENT_TARGET = 10.0;
				MTL_ENABLE_DEBUG_INFO = NO;
				SDKROOT = iphoneos;
				SWIFT_OPTIMIZATION_LEVEL = "-Owholemodule";
				VALIDATE_PRODUCT = YES;
			};
			name = Release;
		};
		71448D361DBF560D00075A19 /* Debug */ = {
			isa = XCBuildConfiguration;
			buildSettings = {
				ASSETCATALOG_COMPILER_APPICON_NAME = AppIcon;
				DEVELOPMENT_TEAM = LZ7KAN3586;
				INFOPLIST_FILE = Demo/Info.plist;
				LD_RUNPATH_SEARCH_PATHS = "$(inherited) @executable_path/Frameworks";
				PRODUCT_BUNDLE_IDENTIFIER = com.lixiang.Demo;
				PRODUCT_NAME = "$(TARGET_NAME)";
				SWIFT_VERSION = 3.0;
			};
			name = Debug;
		};
		71448D371DBF560D00075A19 /* Release */ = {
			isa = XCBuildConfiguration;
			buildSettings = {
				ASSETCATALOG_COMPILER_APPICON_NAME = AppIcon;
				DEVELOPMENT_TEAM = LZ7KAN3586;
				INFOPLIST_FILE = Demo/Info.plist;
				LD_RUNPATH_SEARCH_PATHS = "$(inherited) @executable_path/Frameworks";
				PRODUCT_BUNDLE_IDENTIFIER = com.lixiang.Demo;
				PRODUCT_NAME = "$(TARGET_NAME)";
				SWIFT_VERSION = 3.0;
			};
			name = Release;
		};
/* End XCBuildConfiguration section */

/* Begin XCConfigurationList section */
		71448D1E1DBF560D00075A19 /* Build configuration list for PBXProject "Demo" */ = {
			isa = XCConfigurationList;
			buildConfigurations = (
				71448D331DBF560D00075A19 /* Debug */,
				71448D341DBF560D00075A19 /* Release */,
			);
			defaultConfigurationIsVisible = 0;
			defaultConfigurationName = Release;
		};
		71448D351DBF560D00075A19 /* Build configuration list for PBXNativeTarget "Demo" */ = {
			isa = XCConfigurationList;
			buildConfigurations = (
				71448D361DBF560D00075A19 /* Debug */,
				71448D371DBF560D00075A19 /* Release */,
			);
			defaultConfigurationIsVisible = 0;
			defaultConfigurationName = Release;
		};
/* End XCConfigurationList section */
	};
	rootObject = 71448D1B1DBF560D00075A19 /* Project object */;
}
